
Microsoft Visual Studio Solution File, Format Version 12.00
# Visual Studio Version 16
VisualStudioVersion = 16.0.30011.22
MinimumVisualStudioVersion = 10.0.40219.1
Project("{9A19103F-16F7-4668-BE54-9A1E7A4F7556}") = "RegistroBlazor", "RegistroBlazor\RegistroBlazor.csproj", "{8DBFBB39-6643-4951-9188-1684E65E485B}"
EndProject
Global
	GlobalSection(SolutionConfigurationPlatforms) = preSolution
		Debug|Any CPU = Debug|Any CPU
		Release|Any CPU = Release|Any CPU
	EndGlobalSection
	GlobalSection(ProjectConfigurationPlatforms) = postSolution
		{8DBFBB39-6643-4951-9188-1684E65E485B}.Debug|Any CPU.ActiveCfg = Debug|Any CPU
		{8DBFBB39-6643-4951-9188-1684E65E485B}.Debug|Any CPU.Build.0 = Debug|Any CPU
		{8DBFBB39-6643-4951-9188-1684E65E485B}.Release|Any CPU.ActiveCfg = Release|Any CPU
		{8DBFBB39-6643-4951-9188-1684E65E485B}.Release|Any CPU.Build.0 = Release|Any CPU
	EndGlobalSection
	GlobalSection(SolutionProperties) = preSolution
		HideSolutionNode = FALSE
	EndGlobalSection
	GlobalSection(ExtensibilityGlobals) = postSolution
		SolutionGuid = {DD84DC89-029A-458A-B044-44E431A34575}
	EndGlobalSection
EndGlobal
